
Microsoft Visual Studio Solution File, Format Version 12.00
# Visual Studio 15
VisualStudioVersion = 15.0.26124.0
MinimumVisualStudioVersion = 15.0.26124.0
Project("{FAE04EC0-301F-11D3-BF4B-00C04F79EFBC}") = "ShoppingCart", "ShoppingCart\ShoppingCart.csproj", "{4C936526-F594-493F-8B26-8AECC2EDF9C1}"
EndProject
Project("{FAE04EC0-301F-11D3-BF4B-00C04F79EFBC}") = "ShoppingCart.UnitTests", "ShoppingCart.UnitTests\ShoppingCart.UnitTests.csproj", "{F9D5DD5D-19E6-45E4-B561-0236D770308E}"
EndProject
Project("{FAE04EC0-301F-11D3-BF4B-00C04F79EFBC}") = "ShoppingCart.App", "ShoppingCart.App\ShoppingCart.App.csproj", "{A556DAB0-8869-4ECF-83DB-0C259EA8B8D2}"
EndProject
Global
	GlobalSection(SolutionConfigurationPlatforms) = preSolution
		Debug|Any CPU = Debug|Any CPU
		Debug|x64 = Debug|x64
		Debug|x86 = Debug|x86
		Release|Any CPU = Release|Any CPU
		Release|x64 = Release|x64
		Release|x86 = Release|x86
	EndGlobalSection
	GlobalSection(SolutionProperties) = preSolution
		HideSolutionNode = FALSE
	EndGlobalSection
	GlobalSection(ProjectConfigurationPlatforms) = postSolution
		{4C936526-F594-493F-8B26-8AECC2EDF9C1}.Debug|Any CPU.ActiveCfg = Debug|Any CPU
		{4C936526-F594-493F-8B26-8AECC2EDF9C1}.Debug|Any CPU.Build.0 = Debug|Any CPU
		{4C936526-F594-493F-8B26-8AECC2EDF9C1}.Debug|x64.ActiveCfg = Debug|Any CPU
		{4C936526-F594-493F-8B26-8AECC2EDF9C1}.Debug|x64.Build.0 = Debug|Any CPU
		{4C936526-F594-493F-8B26-8AECC2EDF9C1}.Debug|x86.ActiveCfg = Debug|Any CPU
		{4C936526-F594-493F-8B26-8AECC2EDF9C1}.Debug|x86.Build.0 = Debug|Any CPU
		{4C936526-F594-493F-8B26-8AECC2EDF9C1}.Release|Any CPU.ActiveCfg = Release|Any CPU
		{4C936526-F594-493F-8B26-8AECC2EDF9C1}.Release|Any CPU.Build.0 = Release|Any CPU
		{4C936526-F594-493F-8B26-8AECC2EDF9C1}.Release|x64.ActiveCfg = Release|Any CPU
		{4C936526-F594-493F-8B26-8AECC2EDF9C1}.Release|x64.Build.0 = Release|Any CPU
		{4C936526-F594-493F-8B26-8AECC2EDF9C1}.Release|x86.ActiveCfg = Release|Any CPU
		{4C936526-F594-493F-8B26-8AECC2EDF9C1}.Release|x86.Build.0 = Release|Any CPU
		{F9D5DD5D-19E6-45E4-B561-0236D770308E}.Debug|Any CPU.ActiveCfg = Debug|Any CPU
		{F9D5DD5D-19E6-45E4-B561-0236D770308E}.Debug|Any CPU.Build.0 = Debug|Any CPU
		{F9D5DD5D-19E6-45E4-B561-0236D770308E}.Debug|x64.ActiveCfg = Debug|Any CPU
		{F9D5DD5D-19E6-45E4-B561-0236D770308E}.Debug|x64.Build.0 = Debug|Any CPU
		{F9D5DD5D-19E6-45E4-B561-0236D770308E}.Debug|x86.ActiveCfg = Debug|Any CPU
		{F9D5DD5D-19E6-45E4-B561-0236D770308E}.Debug|x86.Build.0 = Debug|Any CPU
		{F9D5DD5D-19E6-45E4-B561-0236D770308E}.Release|Any CPU.ActiveCfg = Release|Any CPU
		{F9D5DD5D-19E6-45E4-B561-0236D770308E}.Release|Any CPU.Build.0 = Release|Any CPU
		{F9D5DD5D-19E6-45E4-B561-0236D770308E}.Release|x64.ActiveCfg = Release|Any CPU
		{F9D5DD5D-19E6-45E4-B561-0236D770308E}.Release|x64.Build.0 = Release|Any CPU
		{F9D5DD5D-19E6-45E4-B561-0236D770308E}.Release|x86.ActiveCfg = Release|Any CPU
		{F9D5DD5D-19E6-45E4-B561-0236D770308E}.Release|x86.Build.0 = Release|Any CPU
		{A556DAB0-8869-4ECF-83DB-0C259EA8B8D2}.Debug|Any CPU.ActiveCfg = Debug|Any CPU
		{A556DAB0-8869-4ECF-83DB-0C259EA8B8D2}.Debug|Any CPU.Build.0 = Debug|Any CPU
		{A556DAB0-8869-4ECF-83DB-0C259EA8B8D2}.Debug|x64.ActiveCfg = Debug|Any CPU
		{A556DAB0-8869-4ECF-83DB-0C259EA8B8D2}.Debug|x64.Build.0 = Debug|Any CPU
		{A556DAB0-8869-4ECF-83DB-0C259EA8B8D2}.Debug|x86.ActiveCfg = Debug|Any CPU
		{A556DAB0-8869-4ECF-83DB-0C259EA8B8D2}.Debug|x86.Build.0 = Debug|Any CPU
		{A556DAB0-8869-4ECF-83DB-0C259EA8B8D2}.Release|Any CPU.ActiveCfg = Release|Any CPU
		{A556DAB0-8869-4ECF-83DB-0C259EA8B8D2}.Release|Any CPU.Build.0 = Release|Any CPU
		{A556DAB0-8869-4ECF-83DB-0C259EA8B8D2}.Release|x64.ActiveCfg = Release|Any CPU
		{A556DAB0-8869-4ECF-83DB-0C259EA8B8D2}.Release|x64.Build.0 = Release|Any CPU
		{A556DAB0-8869-4ECF-83DB-0C259EA8B8D2}.Release|x86.ActiveCfg = Release|Any CPU
		{A556DAB0-8869-4ECF-83DB-0C259EA8B8D2}.Release|x86.Build.0 = Release|Any CPU
	EndGlobalSection
EndGlobal
